
Microsoft Visual Studio Solution File, Format Version 12.00
# Visual Studio Version 17
VisualStudioVersion = 17.9.34723.18
MinimumVisualStudioVersion = 10.0.40219.1
Project("{FAE04EC0-301F-11D3-BF4B-00C04F79EFBC}") = "calcu001", "calcu001\calcu001.csproj", "{F4F55BAB-00E8-42BC-B929-8786A47E2285}"
EndProject
Global
	GlobalSection(SolutionConfigurationPlatforms) = preSolution
		Debug|Any CPU = Debug|Any CPU
		Release|Any CPU = Release|Any CPU
	EndGlobalSection
	GlobalSection(ProjectConfigurationPlatforms) = postSolution
		{F4F55BAB-00E8-42BC-B929-8786A47E2285}.Debug|Any CPU.ActiveCfg = Debug|Any CPU
		{F4F55BAB-00E8-42BC-B929-8786A47E2285}.Debug|Any CPU.Build.0 = Debug|Any CPU
		{F4F55BAB-00E8-42BC-B929-8786A47E2285}.Release|Any CPU.ActiveCfg = Release|Any CPU
		{F4F55BAB-00E8-42BC-B929-8786A47E2285}.Release|Any CPU.Build.0 = Release|Any CPU
	EndGlobalSection
	GlobalSection(SolutionProperties) = preSolution
		HideSolutionNode = FALSE
	EndGlobalSection
	GlobalSection(ExtensibilityGlobals) = postSolution
		SolutionGuid = {7CBBFB8E-2643-4FBE-A92E-46C5E6517DC9}
	EndGlobalSection
EndGlobal
